{
  "version": "3",
  "packages": {
    "specifiers": {
      "npm:@types/node": "npm:@types/node@18.16.19"
    },
    "npm": {
      "@types/node@18.16.19": {
        "integrity": "sha512-IXl7o+R9iti9eBW4Wg2hx1xQDig183jj7YLn8F7udNceyfkbn1ZxmzZXuak20gR40D7pIkIY1kYGx5VIGbaHKA==",
        "dependencies": {}
      }
    }
  },
  "redirects": {
    "https://deno.land/x/bcrypt/mod.ts": "https://deno.land/x/bcrypt@v0.4.1/mod.ts",
    "https://deno.land/x/denomailer/mod.ts": "https://deno.land/x/denomailer@1.6.0/mod.ts",
    "https://deno.land/x/dotenv/mod.ts": "https://deno.land/x/dotenv@v3.2.2/mod.ts",
    "https://esm.sh/react": "https://esm.sh/react@18.3.1",
    "https://esm.sh/react-dom/server": "https://esm.sh/react-dom@18.3.1/server",
    "https://esm.sh/v128/@types/react@~18.3/index.d.ts": "https://esm.sh/v128/@types/react@18.2.38/index.d.ts",
    "https://esm.sh/v135/@types/react-dom@~18.3/server~.d.ts": "https://esm.sh/v135/@types/react-dom@18.3.0/server~.d.ts"
  },
  "remote": {
    "https://deno.land/std@0.173.0/encoding/base64.ts": "7de04c2f8aeeb41453b09b186480be90f2ff357613b988e99fabb91d2eeceba1",
    "https://deno.land/std@0.213.0/assert/assert.ts": "bec068b2fccdd434c138a555b19a2c2393b71dfaada02b7d568a01541e67cdc5",
    "https://deno.land/std@0.213.0/assert/assertion_error.ts": "9f689a101ee586c4ce92f52fa7ddd362e86434ffdf1f848e45987dc7689976b8",
    "https://deno.land/std@0.213.0/encoding/_util.ts": "beacef316c1255da9bc8e95afb1fa56ed69baef919c88dc06ae6cb7a6103d376",
    "https://deno.land/std@0.213.0/encoding/base64.ts": "0ec6d6e6b68fc38f6396277e5184bcd47c1a9db0222fd0b563487eb67e352741",
    "https://deno.land/std@0.213.0/media_types/_db.ts": "1d695d9fe1c785e523d6de7191b33f33ecc7866db77358a4f966221cca56e2f9",
    "https://deno.land/std@0.213.0/media_types/_util.ts": "afd54920a8a81add64248897898d3f30ca414a8803fe0c4e6d2893a3f6bd32b0",
    "https://deno.land/std@0.213.0/media_types/type_by_extension.ts": "bf4e3f5d6b58b624d5daa01cbb8b1e86d9939940a77e7c26e796a075b60ec73b",
    "https://deno.land/std@0.213.0/media_types/vendor/mime-db.v1.52.0.ts": "0218d2c7d900e8cd6fa4a866e0c387712af4af9a1bae55d6b2546c73d273a1e6",
    "https://deno.land/std@0.214.0/assert/assert.ts": "bec068b2fccdd434c138a555b19a2c2393b71dfaada02b7d568a01541e67cdc5",
    "https://deno.land/std@0.214.0/assert/assertion_error.ts": "9f689a101ee586c4ce92f52fa7ddd362e86434ffdf1f848e45987dc7689976b8",
    "https://deno.land/std@0.214.0/bytes/concat.ts": "9cac3b4376afbef98ff03588eb3cf948e0d1eb6c27cfe81a7651ab6dd3adc54a",
    "https://deno.land/std@0.214.0/bytes/copy.ts": "f29c03168853720dfe82eaa57793d0b9e3543ebfe5306684182f0f1e3bfd422a",
    "https://deno.land/std@0.214.0/crypto/timing_safe_equal.ts": "bc3622b5aec05e2d8b735bf60633425c34333c06cfb6c4a9f102e4a0f3931ced",
    "https://deno.land/std@0.214.0/crypto/unstable_keystack.ts": "566236895d5411cf14159b01fe5e194618495afcc53536f9b18f81749070ac49",
    "https://deno.land/std@0.214.0/encoding/_util.ts": "beacef316c1255da9bc8e95afb1fa56ed69baef919c88dc06ae6cb7a6103d376",
    "https://deno.land/std@0.214.0/encoding/base64.ts": "96e61a556d933201266fea84ae500453293f2aff130057b579baafda096a96bc",
    "https://deno.land/std@0.214.0/encoding/base64url.ts": "9cc46cf510436be63ac00ebf97a7de1993e603ca58e1853b344bf90d80ea9945",
    "https://deno.land/std@0.214.0/http/_negotiation/common.ts": "051a9f6edd1ed69507df89bbc16fc1b13b7654b9b8fd38072ec33ae4c185fc13",
    "https://deno.land/std@0.214.0/http/_negotiation/encoding.ts": "afc658fca003248777919257474a2d128892cbca4a3b9faa1ddee8d7a53e52a9",
    "https://deno.land/std@0.214.0/http/_negotiation/language.ts": "4d38c2abeaabcd69de1f1b81e2c3e33ba9c3f4f9eea1b7af93664561d43092ff",
    "https://deno.land/std@0.214.0/http/_negotiation/media_type.ts": "1f6f2036e3173b42b0bdf8df8011d72e20668d35eadc8cec11a5ac0921aa60fb",
    "https://deno.land/std@0.214.0/http/etag.ts": "9c120f11b2e57fdaeda28a6cf6c060a3d203e58f56e5856a717281dd0318eedc",
    "https://deno.land/std@0.214.0/http/negotiation.ts": "d06ef2958ca712a7dbe4538eed6a46abfa2b87f8e150b7c89d83a6055dabd7cc",
    "https://deno.land/std@0.214.0/http/user_agent.ts": "14639cfce2b4a95e057b10418b5be1bdfb54ab18fa9388688bfaf137481be159",
    "https://deno.land/std@0.214.0/io/_constants.ts": "3c7ad4695832e6e4a32e35f218c70376b62bc78621ef069a4a0a3d55739f8856",
    "https://deno.land/std@0.214.0/io/limited_reader.ts": "a8d8ac4f0c4edaf9f2c347f215a46eb711d85cd436d5ee3727c6d17014650857",
    "https://deno.land/std@0.214.0/io/read_all.ts": "876c1cb20adea15349c72afc86cecd3573335845ae778967aefb5e55fe5a8a4a",
    "https://deno.land/std@0.214.0/media_types/_db.ts": "1d695d9fe1c785e523d6de7191b33f33ecc7866db77358a4f966221cca56e2f9",
    "https://deno.land/std@0.214.0/media_types/_util.ts": "afd54920a8a81add64248897898d3f30ca414a8803fe0c4e6d2893a3f6bd32b0",
    "https://deno.land/std@0.214.0/media_types/content_type.ts": "ed3f2e1f243b418ad3f441edc95fd92efbadb0f9bde36219c7564c67f9639513",
    "https://deno.land/std@0.214.0/media_types/format_media_type.ts": "ffef4718afa2489530cb94021bb865a466eb02037609f7e82899c017959d288a",
    "https://deno.land/std@0.214.0/media_types/get_charset.ts": "bce5c0343c14590516cbfa1a3e80891d9a7a53bc9b4a9010061cc4f879e18f6c",
    "https://deno.land/std@0.214.0/media_types/parse_media_type.ts": "487f000a38c230ccbac25420a50f600862e06796d0eee19d19631b9e84ee9654",
    "https://deno.land/std@0.214.0/media_types/type_by_extension.ts": "bf4e3f5d6b58b624d5daa01cbb8b1e86d9939940a77e7c26e796a075b60ec73b",
    "https://deno.land/std@0.214.0/media_types/vendor/mime-db.v1.52.0.ts": "0218d2c7d900e8cd6fa4a866e0c387712af4af9a1bae55d6b2546c73d273a1e6",
    "https://deno.land/std@0.214.0/path/_common/assert_path.ts": "2ca275f36ac1788b2acb60fb2b79cb06027198bc2ba6fb7e163efaedde98c297",
    "https://deno.land/std@0.214.0/path/_common/basename.ts": "569744855bc8445f3a56087fd2aed56bdad39da971a8d92b138c9913aecc5fa2",
    "https://deno.land/std@0.214.0/path/_common/common.ts": "6157c7ec1f4db2b4a9a187efd6ce76dcaf1e61cfd49f87e40d4ea102818df031",
    "https://deno.land/std@0.214.0/path/_common/constants.ts": "dc5f8057159f4b48cd304eb3027e42f1148cf4df1fb4240774d3492b5d12ac0c",
    "https://deno.land/std@0.214.0/path/_common/dirname.ts": "684df4aa71a04bbcc346c692c8485594fc8a90b9408dfbc26ff32cf3e0c98cc8",
    "https://deno.land/std@0.214.0/path/_common/format.ts": "92500e91ea5de21c97f5fe91e178bae62af524b72d5fcd246d6d60ae4bcada8b",
    "https://deno.land/std@0.214.0/path/_common/from_file_url.ts": "d672bdeebc11bf80e99bf266f886c70963107bdd31134c4e249eef51133ceccf",
    "https://deno.land/std@0.214.0/path/_common/glob_to_reg_exp.ts": "2007aa87bed6eb2c8ae8381adcc3125027543d9ec347713c1ad2c68427330770",
    "https://deno.land/std@0.214.0/path/_common/normalize.ts": "684df4aa71a04bbcc346c692c8485594fc8a90b9408dfbc26ff32cf3e0c98cc8",
    "https://deno.land/std@0.214.0/path/_common/normalize_string.ts": "dfdf657a1b1a7db7999f7c575ee7e6b0551d9c20f19486c6c3f5ff428384c965",
    "https://deno.land/std@0.214.0/path/_common/relative.ts": "faa2753d9b32320ed4ada0733261e3357c186e5705678d9dd08b97527deae607",
    "https://deno.land/std@0.214.0/path/_common/strip_trailing_separators.ts": "7024a93447efcdcfeaa9339a98fa63ef9d53de363f1fbe9858970f1bba02655a",
    "https://deno.land/std@0.214.0/path/_common/to_file_url.ts": "7f76adbc83ece1bba173e6e98a27c647712cab773d3f8cbe0398b74afc817883",
    "https://deno.land/std@0.214.0/path/_interface.ts": "a1419fcf45c0ceb8acdccc94394e3e94f99e18cfd32d509aab514c8841799600",
    "https://deno.land/std@0.214.0/path/_os.ts": "8fb9b90fb6b753bd8c77cfd8a33c2ff6c5f5bc185f50de8ca4ac6a05710b2c15",
    "https://deno.land/std@0.214.0/path/basename.ts": "5d341aadb7ada266e2280561692c165771d071c98746fcb66da928870cd47668",
    "https://deno.land/std@0.214.0/path/common.ts": "03e52e22882402c986fe97ca3b5bb4263c2aa811c515ce84584b23bac4cc2643",
    "https://deno.land/std@0.214.0/path/constants.ts": "0c206169ca104938ede9da48ac952de288f23343304a1c3cb6ec7625e7325f36",
    "https://deno.land/std@0.214.0/path/dirname.ts": "85bd955bf31d62c9aafdd7ff561c4b5fb587d11a9a5a45e2b01aedffa4238a7c",
    "https://deno.land/std@0.214.0/path/extname.ts": "593303db8ae8c865cbd9ceec6e55d4b9ac5410c1e276bfd3131916591b954441",
    "https://deno.land/std@0.214.0/path/format.ts": "98fad25f1af7b96a48efb5b67378fcc8ed77be895df8b9c733b86411632162af",
    "https://deno.land/std@0.214.0/path/from_file_url.ts": "911833ae4fd10a1c84f6271f36151ab785955849117dc48c6e43b929504ee069",
    "https://deno.land/std@0.214.0/path/glob_to_regexp.ts": "83c5fd36a8c86f5e72df9d0f45317f9546afa2ce39acaafe079d43a865aced08",
    "https://deno.land/std@0.214.0/path/is_absolute.ts": "4791afc8bfd0c87f0526eaa616b0d16e7b3ab6a65b62942e50eac68de4ef67d7",
    "https://deno.land/std@0.214.0/path/is_glob.ts": "a65f6195d3058c3050ab905705891b412ff942a292bcbaa1a807a74439a14141",
    "https://deno.land/std@0.214.0/path/join.ts": "ae2ec5ca44c7e84a235fd532e4a0116bfb1f2368b394db1c4fb75e3c0f26a33a",
    "https://deno.land/std@0.214.0/path/join_globs.ts": "e9589869a33dc3982101898ee50903db918ca00ad2614dbe3934d597d7b1fbea",
    "https://deno.land/std@0.214.0/path/mod.ts": "ffeaccb713dbe6c72e015b7c767f753f8ec5fbc3b621ff5eeee486ffc2c0ddda",
    "https://deno.land/std@0.214.0/path/normalize.ts": "4155743ccceeed319b350c1e62e931600272fad8ad00c417b91df093867a8352",
    "https://deno.land/std@0.214.0/path/normalize_glob.ts": "98ee8268fad271193603271c203ae973280b5abfbdd2cbca1053fd2af71869ca",
    "https://deno.land/std@0.214.0/path/parse.ts": "65e8e285f1a63b714e19ef24b68f56e76934c3df0b6e65fd440d3991f4f8aefb",
    "https://deno.land/std@0.214.0/path/posix/_util.ts": "1e3937da30f080bfc99fe45d7ed23c47dd8585c5e473b2d771380d3a6937cf9d",
    "https://deno.land/std@0.214.0/path/posix/basename.ts": "39ee27a29f1f35935d3603ccf01d53f3d6e0c5d4d0f84421e65bd1afeff42843",
    "https://deno.land/std@0.214.0/path/posix/common.ts": "26f60ccc8b2cac3e1613000c23ac5a7d392715d479e5be413473a37903a2b5d4",
    "https://deno.land/std@0.214.0/path/posix/constants.ts": "93481efb98cdffa4c719c22a0182b994e5a6aed3047e1962f6c2c75b7592bef1",
    "https://deno.land/std@0.214.0/path/posix/dirname.ts": "6535d2bdd566118963537b9dda8867ba9e2a361015540dc91f5afbb65c0cce8b",
    "https://deno.land/std@0.214.0/path/posix/extname.ts": "8d36ae0082063c5e1191639699e6f77d3acf501600a3d87b74943f0ae5327427",
    "https://deno.land/std@0.214.0/path/posix/format.ts": "185e9ee2091a42dd39e2a3b8e4925370ee8407572cee1ae52838aed96310c5c1",
    "https://deno.land/std@0.214.0/path/posix/from_file_url.ts": "951aee3a2c46fd0ed488899d024c6352b59154c70552e90885ed0c2ab699bc40",
    "https://deno.land/std@0.214.0/path/posix/glob_to_regexp.ts": "54d3ff40f309e3732ab6e5b19d7111d2d415248bcd35b67a99defcbc1972e697",
    "https://deno.land/std@0.214.0/path/posix/is_absolute.ts": "cebe561ad0ae294f0ce0365a1879dcfca8abd872821519b4fcc8d8967f888ede",
    "https://deno.land/std@0.214.0/path/posix/is_glob.ts": "8a8b08c08bf731acf2c1232218f1f45a11131bc01de81e5f803450a5914434b9",
    "https://deno.land/std@0.214.0/path/posix/join.ts": "aef88d5fa3650f7516730865dbb951594d1a955b785e2450dbee93b8e32694f3",
    "https://deno.land/std@0.214.0/path/posix/join_globs.ts": "ee2f4676c5b8a0dfa519da58b8ade4d1c4aa8dd3fe35619edec883ae9df1f8c9",
    "https://deno.land/std@0.214.0/path/posix/mod.ts": "563a18c2b3ddc62f3e4a324ff0f583e819b8602a72ad880cb98c9e2e34f8db5b",
    "https://deno.land/std@0.214.0/path/posix/normalize.ts": "baeb49816a8299f90a0237d214cef46f00ba3e95c0d2ceb74205a6a584b58a91",
    "https://deno.land/std@0.214.0/path/posix/normalize_glob.ts": "65f0138fa518ef9ece354f32889783fc38cdf985fb02dcf1c3b14fa47d665640",
    "https://deno.land/std@0.214.0/path/posix/parse.ts": "d5bac4eb21262ab168eead7e2196cb862940c84cee572eafedd12a0d34adc8fb",
    "https://deno.land/std@0.214.0/path/posix/relative.ts": "3907d6eda41f0ff723d336125a1ad4349112cd4d48f693859980314d5b9da31c",
    "https://deno.land/std@0.214.0/path/posix/resolve.ts": "bac20d9921beebbbb2b73706683b518b1d0c1b1da514140cee409e90d6b2913a",
    "https://deno.land/std@0.214.0/path/posix/separator.ts": "c9ecae5c843170118156ac5d12dc53e9caf6a1a4c96fc8b1a0ab02dff5c847b0",
    "https://deno.land/std@0.214.0/path/posix/to_file_url.ts": "7aa752ba66a35049e0e4a4be5a0a31ac6b645257d2e031142abb1854de250aaf",
    "https://deno.land/std@0.214.0/path/posix/to_namespaced_path.ts": "28b216b3c76f892a4dca9734ff1cc0045d135532bfd9c435ae4858bfa5a2ebf0",
    "https://deno.land/std@0.214.0/path/relative.ts": "ab739d727180ed8727e34ed71d976912461d98e2b76de3d3de834c1066667add",
    "https://deno.land/std@0.214.0/path/resolve.ts": "a6f977bdb4272e79d8d0ed4333e3d71367cc3926acf15ac271f1d059c8494d8d",
    "https://deno.land/std@0.214.0/path/separator.ts": "c6c890507f944a1f5cb7d53b8d638d6ce3cf0f34609c8d84a10c1eaa400b77a9",
    "https://deno.land/std@0.214.0/path/to_file_url.ts": "88f049b769bce411e2d2db5bd9e6fd9a185a5fbd6b9f5ad8f52bef517c4ece1b",
    "https://deno.land/std@0.214.0/path/to_namespaced_path.ts": "b706a4103b104cfadc09600a5f838c2ba94dbcdb642344557122dda444526e40",
    "https://deno.land/std@0.214.0/path/windows/_util.ts": "d5f47363e5293fced22c984550d5e70e98e266cc3f31769e1710511803d04808",
    "https://deno.land/std@0.214.0/path/windows/basename.ts": "e2dbf31d1d6385bfab1ce38c333aa290b6d7ae9e0ecb8234a654e583cf22f8fe",
    "https://deno.land/std@0.214.0/path/windows/common.ts": "26f60ccc8b2cac3e1613000c23ac5a7d392715d479e5be413473a37903a2b5d4",
    "https://deno.land/std@0.214.0/path/windows/constants.ts": "5afaac0a1f67b68b0a380a4ef391bf59feb55856aa8c60dfc01bd3b6abb813f5",
    "https://deno.land/std@0.214.0/path/windows/dirname.ts": "33e421be5a5558a1346a48e74c330b8e560be7424ed7684ea03c12c21b627bc9",
    "https://deno.land/std@0.214.0/path/windows/extname.ts": "165a61b00d781257fda1e9606a48c78b06815385e7d703232548dbfc95346bef",
    "https://deno.land/std@0.214.0/path/windows/format.ts": "bbb5ecf379305b472b1082cd2fdc010e44a0020030414974d6029be9ad52aeb6",
    "https://deno.land/std@0.214.0/path/windows/from_file_url.ts": "ced2d587b6dff18f963f269d745c4a599cf82b0c4007356bd957cb4cb52efc01",
    "https://deno.land/std@0.214.0/path/windows/glob_to_regexp.ts": "6dcd1242bd8907aa9660cbdd7c93446e6927b201112b0cba37ca5d80f81be51b",
    "https://deno.land/std@0.214.0/path/windows/is_absolute.ts": "4a8f6853f8598cf91a835f41abed42112cebab09478b072e4beb00ec81f8ca8a",
    "https://deno.land/std@0.214.0/path/windows/is_glob.ts": "8a8b08c08bf731acf2c1232218f1f45a11131bc01de81e5f803450a5914434b9",
    "https://deno.land/std@0.214.0/path/windows/join.ts": "e0b3356615c1a75c56ebb6a7311157911659e11fd533d80d724800126b761ac3",
    "https://deno.land/std@0.214.0/path/windows/join_globs.ts": "ee2f4676c5b8a0dfa519da58b8ade4d1c4aa8dd3fe35619edec883ae9df1f8c9",
    "https://deno.land/std@0.214.0/path/windows/mod.ts": "7d6062927bda47c47847ffb55d8f1a37b0383840aee5c7dfc93984005819689c",
    "https://deno.land/std@0.214.0/path/windows/normalize.ts": "78126170ab917f0ca355a9af9e65ad6bfa5be14d574c5fb09bb1920f52577780",
    "https://deno.land/std@0.214.0/path/windows/normalize_glob.ts": "179c86ba89f4d3fe283d2addbe0607341f79ee9b1ae663abcfb3439db2e97810",
    "https://deno.land/std@0.214.0/path/windows/parse.ts": "b9239edd892a06a06625c1b58425e199f018ce5649ace024d144495c984da734",
    "https://deno.land/std@0.214.0/path/windows/relative.ts": "3e1abc7977ee6cc0db2730d1f9cb38be87b0ce4806759d271a70e4997fc638d7",
    "https://deno.land/std@0.214.0/path/windows/resolve.ts": "75b2e3e1238d840782cee3d8864d82bfaa593c7af8b22f19c6422cf82f330ab3",
    "https://deno.land/std@0.214.0/path/windows/separator.ts": "e51c5522140eff4f8402617c5c68a201fdfa3a1a8b28dc23587cff931b665e43",
    "https://deno.land/std@0.214.0/path/windows/to_file_url.ts": "1cd63fd35ec8d1370feaa4752eccc4cc05ea5362a878be8dc7db733650995484",
    "https://deno.land/std@0.214.0/path/windows/to_namespaced_path.ts": "4ffa4fb6fae321448d5fe810b3ca741d84df4d7897e61ee29be961a6aac89a4c",
    "https://deno.land/std@0.224.0/dotenv/load.ts": "587b342f0f6a3df071331fe6ba1c823729ab68f7d53805809475e486dd4161d7",
    "https://deno.land/std@0.224.0/dotenv/mod.ts": "0180eaeedaaf88647318811cdaa418cc64dc51fb08354f91f5f480d0a1309f7d",
    "https://deno.land/std@0.224.0/dotenv/parse.ts": "09977ff88dfd1f24f9973a338f0f91bbdb9307eb5ff6085446e7c423e4c7ba0c",
    "https://deno.land/std@0.224.0/dotenv/stringify.ts": "275da322c409170160440836342eaa7cf012a1d11a7e700d8ca4e7f2f8aa4615",
    "https://deno.land/x/bcrypt@v0.4.1/mod.ts": "ff09bdae282583cf5f7d87efe37ddcecef7f14f6d12e8b8066a3058db8c6c2f7",
    "https://deno.land/x/bcrypt@v0.4.1/src/bcrypt/base64.ts": "b8266450a4f1eb6960f60f2f7986afc4dde6b45bd2d7ee7ba10789e67e17b9f7",
    "https://deno.land/x/bcrypt@v0.4.1/src/bcrypt/bcrypt.ts": "ec221648cc6453ea5e3803bc817c01157dada06aa6f7a0ba6b9f87aae32b21e2",
    "https://deno.land/x/bcrypt@v0.4.1/src/main.ts": "08d201b289c8d9c46f8839c69cd6625b213863db29775c7a200afc3b540e64f8",
    "https://deno.land/x/bcrypt@v0.4.1/src/worker.ts": "5a73bdfee9c9e622f47c9733d374b627dce52fb3ec1e74c8226698b3fc57ffac",
    "https://deno.land/x/denomailer@1.6.0/client/basic/QUE.ts": "5af1dfcc5814bf4542f098908ac1fdd8a1a1c2b1597138a121c95eaa791315d0",
    "https://deno.land/x/denomailer@1.6.0/client/basic/client.ts": "462e4db45ae218647812ceae720d55ea33e0e928f9138fee9da5913cbb1e20f9",
    "https://deno.land/x/denomailer@1.6.0/client/basic/connection.ts": "68de68d7551d8303629905c2b7581cb09b45646e530ce93a5786ca1aba61055c",
    "https://deno.land/x/denomailer@1.6.0/client/basic/transforms.ts": "e630a23d24e9b397e231ae8796c0a0080770ac6f5ab9bffc105d3717706e62c9",
    "https://deno.land/x/denomailer@1.6.0/client/mod.ts": "8ec4c25d9586f83f8629768311a077eaf03b1490dcb872030ba2e27fadb674d8",
    "https://deno.land/x/denomailer@1.6.0/client/pool.ts": "0466e69ca8959aa85501cc6b30d7f5fd8e43b0a6ac88ecc60dab71081e801bae",
    "https://deno.land/x/denomailer@1.6.0/client/worker/worker.ts": "a4c3a3e2e1fde0967817ece7c345a565eb44a7312acf8d46ce620d4ff4443b31",
    "https://deno.land/x/denomailer@1.6.0/config/client.ts": "302f5c18fbb5531b5615613084b86d44120acc210e072f4135e431fa27fc4526",
    "https://deno.land/x/denomailer@1.6.0/config/mail/attachments.ts": "1f357bddc9d5e813c3f647498db81a165a1a8a7163116c58dc10cf01427fd81e",
    "https://deno.land/x/denomailer@1.6.0/config/mail/content.ts": "3925d4c3baaabed4e08933159d34b1450e6426b35a5bc323a0666780bef20192",
    "https://deno.land/x/denomailer@1.6.0/config/mail/email.ts": "bb0ca104bf9cb54af6613a04b3f8cb05290f4fb012e7113f1d050cab10226a7c",
    "https://deno.land/x/denomailer@1.6.0/config/mail/encoding.ts": "0bc5983ada3b902333925cdca225f8ea5e28fffbc2f1bd2b0ccb9a423f6f7fcc",
    "https://deno.land/x/denomailer@1.6.0/config/mail/headers.ts": "ce94874beb5a1a7248b5b91bf1ae3b3aed2d4c0541f3f448f2bbfad6c8f570ee",
    "https://deno.land/x/denomailer@1.6.0/config/mail/mod.ts": "a7fafa3386a45a585d7983d816b09ddc28b2f2b84097a614f1e38685b1f62868",
    "https://deno.land/x/denomailer@1.6.0/deps.ts": "12bef188bb2a490fedc82ac1889f3d438e8a15887c423b045fee532b31a43102",
    "https://deno.land/x/denomailer@1.6.0/mod.ts": "71a197dff098194ab53691abd3c9d22a276ef04e1382eb85f5632dbcb5a83bf3",
    "https://deno.land/x/dotenv@v3.2.2/mod.ts": "077b48773de9205266a0b44c3c3a3c3083449ed64bb0b6cc461b95720678d38e",
    "https://deno.land/x/dotenv@v3.2.2/util.ts": "693730877b13f8ead2b79b2aa31e2a0652862f7dc0c5f6d2f313f4d39c7b7670",
    "https://deno.land/x/jose@v5.4.0/index.ts": "1c955404289ff08dc03d31fc8ce3186ffeaae9ac0fdcf3f128f047ce770bf559",
    "https://deno.land/x/jose@v5.4.0/jwe/compact/decrypt.ts": "2d32f0b41e1cc4f428b6dcae1c8931fae9756d7ece45d9e870c558ed1ab27bc8",
    "https://deno.land/x/jose@v5.4.0/jwe/compact/encrypt.ts": "6d925600f9a8da1a91cbccf0f0bb9e8f26f1b5238566d4033d2e34b8336a7c3c",
    "https://deno.land/x/jose@v5.4.0/jwe/flattened/decrypt.ts": "3393ab6561e532c8a3d472c5174c7b7c630cc36f06560cc71d6b7a0b69371825",
    "https://deno.land/x/jose@v5.4.0/jwe/flattened/encrypt.ts": "09d67ab759fce6d66432728e8df024f83bca3fc62e7b6674fd0df7673ce8a5ad",
    "https://deno.land/x/jose@v5.4.0/jwe/general/decrypt.ts": "f9c702cbc7d380b8f314bd001f5ac339b1505754c0d22348135fe05ff98306bf",
    "https://deno.land/x/jose@v5.4.0/jwe/general/encrypt.ts": "7803a43ef70b4c17d685bbb91843b5d79e1951a6aae93e73261aa7ac65d2e07c",
    "https://deno.land/x/jose@v5.4.0/jwk/embedded.ts": "eaa14282f8e0cf757ed3d26a2d278e1bc15a178954e86fc601719be8f32abd74",
    "https://deno.land/x/jose@v5.4.0/jwk/thumbprint.ts": "dddb12cfccb323b1d49e56ac8250bcaa3740d632376dc58ebb16491e3e574e3d",
    "https://deno.land/x/jose@v5.4.0/jwks/local.ts": "eb4a3492d8a7f16bfb3bd52fd588faa5fb24fa719cea7e5470fed26170e1e0de",
    "https://deno.land/x/jose@v5.4.0/jwks/remote.ts": "fe020b81ace6cf0cc4b8d847ce44456133d4f028ed5c1567880178ec3eeaf1f0",
    "https://deno.land/x/jose@v5.4.0/jws/compact/sign.ts": "b6289a7eb93768e0ecd85e9fa2547713f3aa0da6c78810fd7e3205254b8f1caf",
    "https://deno.land/x/jose@v5.4.0/jws/compact/verify.ts": "ec53206a9b8732117a93b928acb134a13abdd7803dd09835b597867678107426",
    "https://deno.land/x/jose@v5.4.0/jws/flattened/sign.ts": "1c0483d66d3b645a855d0ab602506ea57aadbf399c3457b392463faf8dbe1cde",
    "https://deno.land/x/jose@v5.4.0/jws/flattened/verify.ts": "cdd8ede7d302cd0411983305fa5186f76119b6dd50a85fcfac19a0e1a9ec1796",
    "https://deno.land/x/jose@v5.4.0/jws/general/sign.ts": "b40b40ce59f12dc58d30a553cb865821d8c2487513c144f608163e847d5a5375",
    "https://deno.land/x/jose@v5.4.0/jws/general/verify.ts": "46043b2c4e2829e88d889a434f4dd3cab4d9865b324abc3b02a61cb738e59d74",
    "https://deno.land/x/jose@v5.4.0/jwt/decrypt.ts": "0658fc0a3fa3c5f9be8b9348459345b11cc576a2aa3da4f143bcce2519a34c6d",
    "https://deno.land/x/jose@v5.4.0/jwt/encrypt.ts": "b0e1da5c84222bbfdeb38a08cb95203dbcf6715792e15b7c327f93e2cabda2d5",
    "https://deno.land/x/jose@v5.4.0/jwt/produce.ts": "4ec3e3966f6d1ce057159c0569a00aacfc2189b4a3c1c395ff992f673942b92c",
    "https://deno.land/x/jose@v5.4.0/jwt/sign.ts": "d9cd227b864359921ad3250f1e98584ff9dadaabcf9828bd07730098ea7aa581",
    "https://deno.land/x/jose@v5.4.0/jwt/unsecured.ts": "6d930c64c05477b1e9c95219f766816698b9a099213270f6d8059af414767aca",
    "https://deno.land/x/jose@v5.4.0/jwt/verify.ts": "905cb1f2ca01157a9f38e5dfd3495306e348b9ca84e70c359d4731afcec19a64",
    "https://deno.land/x/jose@v5.4.0/key/export.ts": "5addf06a10ce16bb24e630a8f0e5473eff2cbc1ac549ba29fd8ecf0610778edc",
    "https://deno.land/x/jose@v5.4.0/key/generate_key_pair.ts": "6ef50b33427eab5c895189774b562e61c7195609d5701a8e5b0357181a8062e4",
    "https://deno.land/x/jose@v5.4.0/key/generate_secret.ts": "3f87f5df76b8d05613e134660297285bece39a40b10640b7cf66417cfcaee32f",
    "https://deno.land/x/jose@v5.4.0/key/import.ts": "697efbc4621f1707784bbba6e204145c6756536bdad13851226faff6f40a155c",
    "https://deno.land/x/jose@v5.4.0/lib/aesgcmkw.ts": "6d307f6710b2879fdde07c8e39688ece9019f02170334aa216db4878fc7a6ac8",
    "https://deno.land/x/jose@v5.4.0/lib/buffer_utils.ts": "0b64941bf694bc810b2c917b61474be46c54854da76bb42b20f1642102542ff1",
    "https://deno.land/x/jose@v5.4.0/lib/cek.ts": "a474becfe1c2d86fbcf3a24cdcd96274beb8d61bd17926e5f345001f39df922b",
    "https://deno.land/x/jose@v5.4.0/lib/check_iv_length.ts": "118eb531167126c8421d71a21f2cfdc10a658c933e178b33395ef3e962c54f80",
    "https://deno.land/x/jose@v5.4.0/lib/check_key_type.ts": "81f5a2c3764464d2b917a1c55c6011d312184e8c68e43bee51565c2db1b166c4",
    "https://deno.land/x/jose@v5.4.0/lib/check_p2s.ts": "2f5549e121c43019ac85a3bb3fe8cb98a397122dcaa80f3cd8bf5fcf314e1f67",
    "https://deno.land/x/jose@v5.4.0/lib/crypto_key.ts": "b75ba81390a90ea741cf174117d96e7851b221ebd9b0dfb806061175c24aed4f",
    "https://deno.land/x/jose@v5.4.0/lib/decrypt_key_management.ts": "9551fc03b4952c7771e76aec46b568f28c34950811d86eb13893eb565946ddf6",
    "https://deno.land/x/jose@v5.4.0/lib/encrypt_key_management.ts": "ec08f264e7dde341171d6272e9db639ae3718cc7047b3117735ab960d9bd01d4",
    "https://deno.land/x/jose@v5.4.0/lib/epoch.ts": "cd608f73f6c100e8156c6020ec2bce6757e01759793f0d6aab23908d3d2ea933",
    "https://deno.land/x/jose@v5.4.0/lib/format_pem.ts": "b5230682e7a89609238015b77f33afd248f3e0f69bcb5895eece2f86d83100f6",
    "https://deno.land/x/jose@v5.4.0/lib/invalid_key_input.ts": "55cebdd0eaf3f2bc3c9a2a814bef94e7fc72ed58faafaad8d6c2e4b759139427",
    "https://deno.land/x/jose@v5.4.0/lib/is_disjoint.ts": "b5ea1cb260899f5cfb04f032029956e637067714a275d13be429fc53287a4b17",
    "https://deno.land/x/jose@v5.4.0/lib/is_object.ts": "43549ddc51a3b3d4c22b953b191a961fbb61fb5081e8efb88ad075afa1f4d214",
    "https://deno.land/x/jose@v5.4.0/lib/iv.ts": "4766d9ad87b478bb7344094f38c8561181b72f8678edd1b5226d1e0f9ab677fc",
    "https://deno.land/x/jose@v5.4.0/lib/jwt_claims_set.ts": "ea4995a4af83bfa57e6b7d375bd19da001b0b4a1127043f8de644556c85d4ad9",
    "https://deno.land/x/jose@v5.4.0/lib/secs.ts": "40e09916007b3a393f20265ea84dc1df43974e86ec796ce0e5e6724f5917a2b8",
    "https://deno.land/x/jose@v5.4.0/lib/validate_algorithms.ts": "6b20f4b5f6935cd9edcd6eb2128226144ba792eaa7c47966c666a51baf1682eb",
    "https://deno.land/x/jose@v5.4.0/lib/validate_crit.ts": "b1214ae1413c969efdca2392c6feea9c3b92c531fc7e137c23397e0430421b86",
    "https://deno.land/x/jose@v5.4.0/runtime/aeskw.ts": "a9bd412c6d07b2606520972671a545cdb205f79f0a2e9ec0fb145fb2147319e1",
    "https://deno.land/x/jose@v5.4.0/runtime/asn1.ts": "013a633b824c18663c8c7f7ec8691bfe3dfef82ee58650de0c6d8ee26154bb6a",
    "https://deno.land/x/jose@v5.4.0/runtime/base64url.ts": "74ecb18b90de56bcc4424b6c911cfe49b56dd4a316978f5c8ee9a23560069636",
    "https://deno.land/x/jose@v5.4.0/runtime/bogus.ts": "4f1c967b0d9b4e7105e16ad8c173da55708f377ee5e201d8ee5fc613f3417f08",
    "https://deno.land/x/jose@v5.4.0/runtime/check_cek_length.ts": "2ee093fcb273602449ed7863ab6bd4dd2a7aeff99507e0573e3cd4b8d8099e5d",
    "https://deno.land/x/jose@v5.4.0/runtime/check_key_length.ts": "5656870cc4460602775134280bf46f17e27100b237bdb5c687aceabeffc8f2a2",
    "https://deno.land/x/jose@v5.4.0/runtime/decrypt.ts": "c53c80b90892b45f39d58e75a46f53032b131f2d9f5b6b74ddd215c79ca3ed8b",
    "https://deno.land/x/jose@v5.4.0/runtime/digest.ts": "cee73fad56ce596ffedc56811d174ab413e7981eb847eb67c0e77f213cc2ac2d",
    "https://deno.land/x/jose@v5.4.0/runtime/ecdhes.ts": "74a6f43dde87736179d814312b010087bea0c834f51adc9a93f79664f78cb75f",
    "https://deno.land/x/jose@v5.4.0/runtime/encrypt.ts": "a5a89b21010d3dda51544020fe4b2ab0d5d91e10044490fccc1af3d5104e8547",
    "https://deno.land/x/jose@v5.4.0/runtime/fetch_jwks.ts": "34b71aa6bbd51984d1009792499ea17133dcb11bf2f2d8fba60e8090d900fc20",
    "https://deno.land/x/jose@v5.4.0/runtime/generate.ts": "12473775d22140aa6ec9697a5b83cfb63581831f435b005577613b0ecaf33774",
    "https://deno.land/x/jose@v5.4.0/runtime/get_sign_verify_key.ts": "f08a086524491a54fb2a0e203819d4ca2b193444aecf6dfbaf6d400431cb439c",
    "https://deno.land/x/jose@v5.4.0/runtime/is_key_like.ts": "d9660a40820d254843721a53b51eb94a4db39a1ee36103ea8c28e2cc2207599b",
    "https://deno.land/x/jose@v5.4.0/runtime/jwk_to_key.ts": "ec0ce6cbbe2e91ee666d7c1cb8e42751dc56a79af3d8183b715874d24f489b4d",
    "https://deno.land/x/jose@v5.4.0/runtime/key_to_jwk.ts": "2af6f52abbe59316fa96771da48538c8f718b6fdd8703d185f8a87ef44c0f064",
    "https://deno.land/x/jose@v5.4.0/runtime/pbes2kw.ts": "ad084eb8dd144df8fd5d7e0b824806e35475398be0d3871c2016c3c467e24b19",
    "https://deno.land/x/jose@v5.4.0/runtime/random.ts": "3e9c8d08208e5dc186ae659535f0018303ff3b56615335bf0dfb5904fe36aab7",
    "https://deno.land/x/jose@v5.4.0/runtime/rsaes.ts": "124b6e87d8569b39d6f550b371303c79e9eb28aa0d9b14025eeaffe50282c987",
    "https://deno.land/x/jose@v5.4.0/runtime/runtime.ts": "d748ecb0c1b57020d6f6c41b4458cce74b4d15ab919c38a0ec32d12cee7f5976",
    "https://deno.land/x/jose@v5.4.0/runtime/sign.ts": "1524f8855538ca5fd607cd681f804ba421b0ec58f562118f3c635324ba053f90",
    "https://deno.land/x/jose@v5.4.0/runtime/subtle_dsa.ts": "bab28945afd1aac19d3142a70f0c44c4b283b581d33cf8e1234889b58338e80d",
    "https://deno.land/x/jose@v5.4.0/runtime/subtle_rsaes.ts": "26147da83932ebf7266d69ddd408f269395de05ddde64ba4e1585571bb61bd93",
    "https://deno.land/x/jose@v5.4.0/runtime/timing_safe_equal.ts": "fc5b3f4132cec56630eac4677fef2b519707a9c6a257f8ae86515b0d86ff5f6b",
    "https://deno.land/x/jose@v5.4.0/runtime/verify.ts": "d391e2286b47485247b475016c66999f5146a1cf8331115385a9ba629251c15e",
    "https://deno.land/x/jose@v5.4.0/runtime/webcrypto.ts": "3365b7d62eaa7e6befe5e2f4f67aa7859805c41b87064433b6e70f94501aa36e",
    "https://deno.land/x/jose@v5.4.0/util/base64url.ts": "d2567042684de8bf1e4f1ad67be40ab343ee192ddf1cf12ff1d940d6c1fa2bcb",
    "https://deno.land/x/jose@v5.4.0/util/decode_jwt.ts": "a7ea5eaf0a2fb99252eda082e9d25bc47181962fb42806b28a12723197bc7814",
    "https://deno.land/x/jose@v5.4.0/util/decode_protected_header.ts": "21cddd8c2d3ead3d151ea46852dea9644829086b98600604667d4291dc32cf7d",
    "https://deno.land/x/jose@v5.4.0/util/errors.ts": "70cfa18f3c80a9761d267a25519f01b281c168dd3560aec6caeca4e1ca0a383d",
    "https://deno.land/x/jose@v5.4.0/util/runtime.ts": "088cae7df0d285065f141d880c5c21a572234997082337d1125d7f1603059642",
    "https://deno.land/x/mailgun@v1.1.0/index.ts": "9c54e0d3934d421670bb5112d525932ea7548af424eb253f4b77464299200c50",
    "https://deno.land/x/mailgun@v1.1.0/types.ts": "9f9b4563183bbbd6863ffc53ba06da843614b76dcd979450fdc36a614fd028eb",
    "https://deno.land/x/oak@v13.2.3/application.ts": "a7dbe4888c2a08d713ea49a08b6522938568c77ce6a20cf1112fef143606ef3a",
    "https://deno.land/x/oak@v13.2.3/body.ts": "596bbdac22270f5a024e172043b27fcf1c794a5575424dbcb502fc58b60434a8",
    "https://deno.land/x/oak@v13.2.3/content_disposition.ts": "8b8c3cb2fba7138cd5b7f82fc3b5ea39b33db924a824b28261659db7e164621e",
    "https://deno.land/x/oak@v13.2.3/context.ts": "1c5f5e7941b59b92e6e1f0ae45272038a2e569e0989433c3b1b020d2a8d301bb",
    "https://deno.land/x/oak@v13.2.3/deps.ts": "c240058f2f2089b2eb2628008aa37893604e7194c267667b6b59ed1318130ab0",
    "https://deno.land/x/oak@v13.2.3/etag.ts": "68d2b34b6bbf41a5e57181f26a90e22ab2f5230d77bf7679b567444fb1a107de",
    "https://deno.land/x/oak@v13.2.3/form_data.ts": "61965d36a02203f8f210c93b01091be6477a90e55a773859c43303cf6fec1da7",
    "https://deno.land/x/oak@v13.2.3/forwarded.ts": "e656f96a85574e2a6ee54dc35efc9f72d543c9ae0923760ef426ee7369eef01c",
    "https://deno.land/x/oak@v13.2.3/headers.ts": "4d74f92a6eda8746473612c04176823e3d12c52189aa4239e624a8ae61835f14",
    "https://deno.land/x/oak@v13.2.3/helpers.ts": "fe9188075e6cce35220b4fdf80a223e3847312936d9e9d81b498f0378dbfdc18",
    "https://deno.land/x/oak@v13.2.3/http_server_native.ts": "5e6143d986d76b91c4501e49f12805066240405735fefc05139ba840e2fbebb3",
    "https://deno.land/x/oak@v13.2.3/http_server_native_request.ts": "2fb8d5cd0584ba4564b28d5288f682889034414320ab418bd3442cb9c3285dab",
    "https://deno.land/x/oak@v13.2.3/http_server_node.ts": "39e686cd9b3e4476be979921f2ba8d55e6be2ee236add941e08ab887edebd541",
    "https://deno.land/x/oak@v13.2.3/middleware.ts": "5165e0c18f0a3b92bf01ca9d9f0ae211b30ca9b23a9460f11334459a2ff715aa",
    "https://deno.land/x/oak@v13.2.3/middleware/proxy.ts": "d0261a15d2bb98646ae71d4a77853a671f36496cd427bc7d8f18fd5fad39fbec",
    "https://deno.land/x/oak@v13.2.3/middleware/serve.ts": "bec0a3f54e9f45f3405196ed688acef125f06f8d435f354b12e95f283fa3c151",
    "https://deno.land/x/oak@v13.2.3/mod.ts": "895fbfe7c2f1227c690e350deee5692773770dce7e5ac5d9f54a2ba61611781f",
    "https://deno.land/x/oak@v13.2.3/node_shims.ts": "4db1569b2b79b73f37c4d947f4aaa50a93e266d48fe67601c8a31af17a28884d",
    "https://deno.land/x/oak@v13.2.3/range.ts": "be48b5758db6839e33aa4535b44c404917d20c1535be0c8010638b97be814956",
    "https://deno.land/x/oak@v13.2.3/request.ts": "813788475bd82381d9216f35650d9287e14f15584da9fa1d54650e1f75da4635",
    "https://deno.land/x/oak@v13.2.3/response.ts": "32a592754bdaee932b8af31ca73f50e50b32ef41933ed13fe7dc60bcef18ccc4",
    "https://deno.land/x/oak@v13.2.3/router.ts": "e0395e1737f4eccf89f52be56f325c885241517e94abc50eaaefd39ce79ffd44",
    "https://deno.land/x/oak@v13.2.3/send.ts": "09f431eb8bb53f872b4bd9cc0cb49bbaf3bea95d9e99d3dc6c439e4b50bf283b",
    "https://deno.land/x/oak@v13.2.3/structured_clone.ts": "a01fa10ea9aae733264557f962630f155873d3bf45dbb2a8e53be5daa1b8cf5a",
    "https://deno.land/x/oak@v13.2.3/testing.ts": "157711ade8634f9377ca87147db4317861d51388c82e0da4ae829c142a123db8",
    "https://deno.land/x/oak@v13.2.3/types.ts": "55a8c463c6e01703e3925f6496113dd2cbbc5e8b23af992464cc6bf283e91b71",
    "https://deno.land/x/oak@v13.2.3/util.ts": "66a65d3f305d9b6a7193bb8892f432e6cf3a8c7cb7bac40d64926bf173f6336e",
    "https://deno.land/x/oak_commons@0.6.0/cookie_map.ts": "b3062c6e750b4e78fb97b9059d5f295ce74293ae702138130d9f2fdbd37b6e89",
    "https://deno.land/x/oak_commons@0.6.0/deps.ts": "e0a662417cf3f33be29f48057d6d603ff3923c5bb02c610bc3a2ece487c7adc5",
    "https://deno.land/x/oak_commons@0.6.0/http_errors.ts": "e540c727b765af754bfbe3c041f332c288d3682bad1ba27971ce216e139b8cc9",
    "https://deno.land/x/oak_commons@0.6.0/media_types.ts": "5595ce137537640d7a14066c81506404fb5a25a10bf140a721e7ee3a661f6042",
    "https://deno.land/x/oak_commons@0.6.0/method.ts": "819862202d471682773ac6a573dc47553acdae865121adb54a71eee1c9389771",
    "https://deno.land/x/oak_commons@0.6.0/server_sent_event.ts": "ed56b35c7c81e54ce778811c12b7797dbceafc2f841395a382b8d509d50d3d59",
    "https://deno.land/x/oak_commons@0.6.0/status.ts": "f13e0e61c2aaf5e254ca528569b03896aee89d96ebc256fa740ea7305a68f53f",
    "https://deno.land/x/path_to_regexp@v6.2.1/index.ts": "894060567837bae8fc9c5cbd4d0a05e9024672083d5883b525c031eea940e556",
    "https://esm.sh/react-dom@18.3.1/server": "90e374c5323303d5315c780b19e5d6297ec5a569f9cee1df28ee1030dd23af9c",
    "https://esm.sh/react@18.3.1": "52480d4c00855e4f76843caa4f2818eb001671523740cbf064cbd108721c29c8",
    "https://esm.sh/stable/react@18.3.1/denonext/react.mjs": "fc048ffc55366baf7669519127d186761db72046e2bebf35fe8d0de3964defa3",
    "https://esm.sh/v135/react-dom@18.3.1/denonext/server.js": "b4db56f16b45002b5e9b127a9938ab45b12f39825161dffe875920510c524878"
  }
}
